
Microsoft Visual Studio Solution File, Format Version 12.00
# Visual Studio Version 16
VisualStudioVersion = 16.0.31205.134
MinimumVisualStudioVersion = 10.0.40219.1
Project("{FAE04EC0-301F-11D3-BF4B-00C04F79EFBC}") = "OdeToFood.Web", "OdeToFood.Web\OdeToFood.Web.csproj", "{9CD87A0C-81FD-47C6-B51A-D95CBD4F3A1D}"
EndProject
Global
	GlobalSection(SolutionConfigurationPlatforms) = preSolution
		Debug|Any CPU = Debug|Any CPU
		Release|Any CPU = Release|Any CPU
	EndGlobalSection
	GlobalSection(ProjectConfigurationPlatforms) = postSolution
		{9CD87A0C-81FD-47C6-B51A-D95CBD4F3A1D}.Debug|Any CPU.ActiveCfg = Debug|Any CPU
		{9CD87A0C-81FD-47C6-B51A-D95CBD4F3A1D}.Debug|Any CPU.Build.0 = Debug|Any CPU
		{9CD87A0C-81FD-47C6-B51A-D95CBD4F3A1D}.Release|Any CPU.ActiveCfg = Release|Any CPU
		{9CD87A0C-81FD-47C6-B51A-D95CBD4F3A1D}.Release|Any CPU.Build.0 = Release|Any CPU
	EndGlobalSection
	GlobalSection(SolutionProperties) = preSolution
		HideSolutionNode = FALSE
	EndGlobalSection
	GlobalSection(ExtensibilityGlobals) = postSolution
		SolutionGuid = {C3C1C3F5-DFF6-47C9-8637-1280B4213165}
	EndGlobalSection
EndGlobal
